
Microsoft Visual Studio Solution File, Format Version 12.00
# Visual Studio Version 17
VisualStudioVersion = 17.0.31903.59
MinimumVisualStudioVersion = 10.0.40219.1
Project("{FAE04EC0-301F-11D3-BF4B-00C04F79EFBC}") = "Shared", "SharedModels\Shared.csproj", "{C4017027-8790-46D2-A860-7869CDC9421C}"
EndProject
Project("{FAE04EC0-301F-11D3-BF4B-00C04F79EFBC}") = "Sutato.Client", "Sutato.Client\Sutato.Client.csproj", "{9E45CA13-5ABA-47D7-81E5-ABCC98B94BCE}"
EndProject
Project("{FAE04EC0-301F-11D3-BF4B-00C04F79EFBC}") = "Sutato.Server", "Sutato.Server\Sutato.Server.csproj", "{451BCBA5-0283-4CD9-9E0E-96965833F3CB}"
EndProject
Global
	GlobalSection(SolutionConfigurationPlatforms) = preSolution
		Debug|Any CPU = Debug|Any CPU
		Release|Any CPU = Release|Any CPU
	EndGlobalSection
	GlobalSection(ProjectConfigurationPlatforms) = postSolution
		{C4017027-8790-46D2-A860-7869CDC9421C}.Debug|Any CPU.ActiveCfg = Debug|Any CPU
		{C4017027-8790-46D2-A860-7869CDC9421C}.Debug|Any CPU.Build.0 = Debug|Any CPU
		{C4017027-8790-46D2-A860-7869CDC9421C}.Release|Any CPU.ActiveCfg = Release|Any CPU
		{C4017027-8790-46D2-A860-7869CDC9421C}.Release|Any CPU.Build.0 = Release|Any CPU
		{9E45CA13-5ABA-47D7-81E5-ABCC98B94BCE}.Debug|Any CPU.ActiveCfg = Debug|Any CPU
		{9E45CA13-5ABA-47D7-81E5-ABCC98B94BCE}.Debug|Any CPU.Build.0 = Debug|Any CPU
		{9E45CA13-5ABA-47D7-81E5-ABCC98B94BCE}.Release|Any CPU.ActiveCfg = Release|Any CPU
		{9E45CA13-5ABA-47D7-81E5-ABCC98B94BCE}.Release|Any CPU.Build.0 = Release|Any CPU
		{451BCBA5-0283-4CD9-9E0E-96965833F3CB}.Debug|Any CPU.ActiveCfg = Debug|Any CPU
		{451BCBA5-0283-4CD9-9E0E-96965833F3CB}.Debug|Any CPU.Build.0 = Debug|Any CPU
		{451BCBA5-0283-4CD9-9E0E-96965833F3CB}.Release|Any CPU.ActiveCfg = Release|Any CPU
		{451BCBA5-0283-4CD9-9E0E-96965833F3CB}.Release|Any CPU.Build.0 = Release|Any CPU
	EndGlobalSection
	GlobalSection(SolutionProperties) = preSolution
		HideSolutionNode = FALSE
	EndGlobalSection
	GlobalSection(ExtensibilityGlobals) = postSolution
		SolutionGuid = {173D4797-B8A8-4C80-991F-792B73B028F4}
	EndGlobalSection
EndGlobal
